
Microsoft Visual Studio Solution File, Format Version 12.00
# Visual Studio Version 16
VisualStudioVersion = 16.0.28803.202
MinimumVisualStudioVersion = 10.0.40219.1
Project("{9A19103F-16F7-4668-BE54-9A1E7A4F7556}") = "Ada.Xamarin.FileStorage.Abstractions", "Ada.Xamarin.FileStorage.Abstractions\Ada.Xamarin.FileStorage.Abstractions.csproj", "{4BE1400C-5689-495F-B83F-3FB53B9B7D37}"
EndProject
Global
	GlobalSection(SolutionConfigurationPlatforms) = preSolution
		Debug|Any CPU = Debug|Any CPU
		Release|Any CPU = Release|Any CPU
	EndGlobalSection
	GlobalSection(ProjectConfigurationPlatforms) = postSolution
		{4BE1400C-5689-495F-B83F-3FB53B9B7D37}.Debug|Any CPU.ActiveCfg = Debug|Any CPU
		{4BE1400C-5689-495F-B83F-3FB53B9B7D37}.Debug|Any CPU.Build.0 = Debug|Any CPU
		{4BE1400C-5689-495F-B83F-3FB53B9B7D37}.Release|Any CPU.ActiveCfg = Release|Any CPU
		{4BE1400C-5689-495F-B83F-3FB53B9B7D37}.Release|Any CPU.Build.0 = Release|Any CPU
	EndGlobalSection
	GlobalSection(SolutionProperties) = preSolution
		HideSolutionNode = FALSE
	EndGlobalSection
	GlobalSection(ExtensibilityGlobals) = postSolution
		SolutionGuid = {5D7B492D-6851-471B-BC44-B42CEBAFC7AE}
	EndGlobalSection
EndGlobal
